
Microsoft Visual Studio Solution File, Format Version 12.00
# Visual Studio Version 16
VisualStudioVersion = 16.0.29409.12
MinimumVisualStudioVersion = 10.0.40219.1
Project("{FAE04EC0-301F-11D3-BF4B-00C04F79EFBC}") = "Web_Calculator", "Web_Calculator\Web_Calculator.csproj", "{4537EC98-A509-4FC7-8B5B-541F3759C5B1}"
EndProject
Global
	GlobalSection(SolutionConfigurationPlatforms) = preSolution
		Debug|Any CPU = Debug|Any CPU
		Release|Any CPU = Release|Any CPU
	EndGlobalSection
	GlobalSection(ProjectConfigurationPlatforms) = postSolution
		{4537EC98-A509-4FC7-8B5B-541F3759C5B1}.Debug|Any CPU.ActiveCfg = Debug|Any CPU
		{4537EC98-A509-4FC7-8B5B-541F3759C5B1}.Debug|Any CPU.Build.0 = Debug|Any CPU
		{4537EC98-A509-4FC7-8B5B-541F3759C5B1}.Release|Any CPU.ActiveCfg = Release|Any CPU
		{4537EC98-A509-4FC7-8B5B-541F3759C5B1}.Release|Any CPU.Build.0 = Release|Any CPU
	EndGlobalSection
	GlobalSection(SolutionProperties) = preSolution
		HideSolutionNode = FALSE
	EndGlobalSection
	GlobalSection(ExtensibilityGlobals) = postSolution
		SolutionGuid = {4B9B2413-588C-4526-B95C-68323F1D051F}
	EndGlobalSection
EndGlobal
